// !$*UTF8*$!
{
	archiveVersion = 1;
	classes = {
	};
	objectVersion = 46;
	objects = {

/* Begin PBXBuildFile section */
		F2FB324519DC3A19005179CB /* AppDelegate.swift in Sources */ = {isa = PBXBuildFile; fileRef = F2FB324419DC3A19005179CB /* AppDelegate.swift */; };
		F2FB324719DC3A19005179CB /* ViewController.swift in Sources */ = {isa = PBXBuildFile; fileRef = F2FB324619DC3A19005179CB /* ViewController.swift */; };
		F2FB324A19DC3A19005179CB /* Main.storyboard in Resources */ = {isa = PBXBuildFile; fileRef = F2FB324819DC3A19005179CB /* Main.storyboard */; };
		F2FB324C19DC3A19005179CB /* Images.xcassets in Resources */ = {isa = PBXBuildFile; fileRef = F2FB324B19DC3A19005179CB /* Images.xcassets */; };
		F2FB324F19DC3A19005179CB /* LaunchScreen.xib in Resources */ = {isa = PBXBuildFile; fileRef = F2FB324D19DC3A19005179CB /* LaunchScreen.xib */; };
		F2FB325B19DC3A19005179CB /* PostcardTests.swift in Sources */ = {isa = PBXBuildFile; fileRef = F2FB325A19DC3A19005179CB /* PostcardTests.swift */; };
		F2FB326519DC3C0E005179CB /* SagradaFamilia.jpeg in Resources */ = {isa = PBXBuildFile; fileRef = F2FB326419DC3C0E005179CB /* SagradaFamilia.jpeg */; };
		F2FB326719DC63A2005179CB /* AlbertEinsteinStamp.jpg in Resources */ = {isa = PBXBuildFile; fileRef = F2FB326619DC63A2005179CB /* AlbertEinsteinStamp.jpg */; };
/* End PBXBuildFile section */

/* Begin PBXContainerItemProxy section */
		F2FB325519DC3A19005179CB /* PBXContainerItemProxy */ = {
			isa = PBXContainerItemProxy;
			containerPortal = F2FB323719DC3A19005179CB /* Project object */;
			proxyType = 1;
			remoteGlobalIDString = F2FB323E19DC3A19005179CB;
			remoteInfo = Postcard;
		};
/* End PBXContainerItemProxy section */

/* Begin PBXFileReference section */
		F2FB323F19DC3A19005179CB /* Postcard.app */ = {isa = PBXFileReference; explicitFileType = wrapper.application; includeInIndex = 0; path = Postcard.app; sourceTree = BUILT_PRODUCTS_DIR; };
		F2FB324319DC3A19005179CB /* Info.plist */ = {isa = PBXFileReference; lastKnownFileType = text.plist.xml; path = Info.plist; sourceTree = "<group>"; };
		F2FB324419DC3A19005179CB /* AppDelegate.swift */ = {isa = PBXFileReference; lastKnownFileType = sourcecode.swift; path = AppDelegate.swift; sourceTree = "<group>"; };
		F2FB324619DC3A19005179CB /* ViewController.swift */ = {isa = PBXFileReference; lastKnownFileType = sourcecode.swift; path = ViewController.swift; sourceTree = "<group>"; };
		F2FB324919DC3A19005179CB /* Base */ = {isa = PBXFileReference; lastKnownFileType = file.storyboard; name = Base; path = Base.lproj/Main.storyboard; sourceTree = "<group>"; };
		F2FB324B19DC3A19005179CB /* Images.xcassets */ = {isa = PBXFileReference; lastKnownFileType = folder.assetcatalog; path = Images.xcassets; sourceTree = "<group>"; };
		F2FB324E19DC3A19005179CB /* Base */ = {isa = PBXFileReference; lastKnownFileType = file.xib; name = Base; path = Base.lproj/LaunchScreen.xib; sourceTree = "<group>"; };
		F2FB325419DC3A19005179CB /* PostcardTests.xctest */ = {isa = PBXFileReference; explicitFileType = wrapper.cfbundle; includeInIndex = 0; path = PostcardTests.xctest; sourceTree = BUILT_PRODUCTS_DIR; };
		F2FB325919DC3A19005179CB /* Info.plist */ = {isa = PBXFileReference; lastKnownFileType = text.plist.xml; path = Info.plist; sourceTree = "<group>"; };
		F2FB325A19DC3A19005179CB /* PostcardTests.swift */ = {isa = PBXFileReference; lastKnownFileType = sourcecode.swift; path = PostcardTests.swift; sourceTree = "<group>"; };
		F2FB326419DC3C0E005179CB /* SagradaFamilia.jpeg */ = {isa = PBXFileReference; lastKnownFileType = image.jpeg; path = SagradaFamilia.jpeg; sourceTree = "<group>"; };
		F2FB326619DC63A2005179CB /* AlbertEinsteinStamp.jpg */ = {isa = PBXFileReference; lastKnownFileType = image.jpeg; path = AlbertEinsteinStamp.jpg; sourceTree = "<group>"; };
/* End PBXFileReference section */

/* Begin PBXFrameworksBuildPhase section */
		F2FB323C19DC3A19005179CB /* Frameworks */ = {
			isa = PBXFrameworksBuildPhase;
			buildActionMask = 2147483647;
			files = (
			);
			runOnlyForDeploymentPostprocessing = 0;
		};
		F2FB325119DC3A19005179CB /* Frameworks */ = {
			isa = PBXFrameworksBuildPhase;
			buildActionMask = 2147483647;
			files = (
			);
			runOnlyForDeploymentPostprocessing = 0;
		};
/* End PBXFrameworksBuildPhase section */

/* Begin PBXGroup section */
		F2FB323619DC3A19005179CB = {
			isa = PBXGroup;
			children = (
				F2FB324119DC3A19005179CB /* Postcard */,
				F2FB325719DC3A19005179CB /* PostcardTests */,
				F2FB324019DC3A19005179CB /* Products */,
			);
			sourceTree = "<group>";
		};
		F2FB324019DC3A19005179CB /* Products */ = {
			isa = PBXGroup;
			children = (
				F2FB323F19DC3A19005179CB /* Postcard.app */,
				F2FB325419DC3A19005179CB /* PostcardTests.xctest */,
			);
			name = Products;
			sourceTree = "<group>";
		};
		F2FB324119DC3A19005179CB /* Postcard */ = {
			isa = PBXGroup;
			children = (
				F2FB324419DC3A19005179CB /* AppDelegate.swift */,
				F2FB324619DC3A19005179CB /* ViewController.swift */,
				F2FB324819DC3A19005179CB /* Main.storyboard */,
				F2FB324B19DC3A19005179CB /* Images.xcassets */,
				F2FB324D19DC3A19005179CB /* LaunchScreen.xib */,
				F2FB324219DC3A19005179CB /* Supporting Files */,
			);
			path = Postcard;
			sourceTree = "<group>";
		};
		F2FB324219DC3A19005179CB /* Supporting Files */ = {
			isa = PBXGroup;
			children = (
				F2FB326619DC63A2005179CB /* AlbertEinsteinStamp.jpg */,
				F2FB326419DC3C0E005179CB /* SagradaFamilia.jpeg */,
				F2FB324319DC3A19005179CB /* Info.plist */,
			);
			name = "Supporting Files";
			sourceTree = "<group>";
		};
		F2FB325719DC3A19005179CB /* PostcardTests */ = {
			isa = PBXGroup;
			children = (
				F2FB325A19DC3A19005179CB /* PostcardTests.swift */,
				F2FB325819DC3A19005179CB /* Supporting Files */,
			);
			path = PostcardTests;
			sourceTree = "<group>";
		};
		F2FB325819DC3A19005179CB /* Supporting Files */ = {
			isa = PBXGroup;
			children = (
				F2FB325919DC3A19005179CB /* Info.plist */,
			);
			name = "Supporting Files";
			sourceTree = "<group>";
		};
/* End PBXGroup section */

/* Begin PBXNativeTarget section */
		F2FB323E19DC3A19005179CB /* Postcard */ = {
			isa = PBXNativeTarget;
			buildConfigurationList = F2FB325E19DC3A19005179CB /* Build configuration list for PBXNativeTarget "Postcard" */;
			buildPhases = (
				F2FB323B19DC3A19005179CB /* Sources */,
				F2FB323C19DC3A19005179CB /* Frameworks */,
				F2FB323D19DC3A19005179CB /* Resources */,
			);
			buildRules = (
			);
			dependencies = (
			);
			name = Postcard;
			productName = Postcard;
			productReference = F2FB323F19DC3A19005179CB /* Postcard.app */;
			productType = "com.apple.product-type.application";
		};
		F2FB325319DC3A19005179CB /* PostcardTests */ = {
			isa = PBXNativeTarget;
			buildConfigurationList = F2FB326119DC3A19005179CB /* Build configuration list for PBXNativeTarget "PostcardTests" */;
			buildPhases = (
				F2FB325019DC3A19005179CB /* Sources */,
				F2FB325119DC3A19005179CB /* Frameworks */,
				F2FB325219DC3A19005179CB /* Resources */,
			);
			buildRules = (
			);
			dependencies = (
				F2FB325619DC3A19005179CB /* PBXTargetDependency */,
			);
			name = PostcardTests;
			productName = PostcardTests;
			productReference = F2FB325419DC3A19005179CB /* PostcardTests.xctest */;
			productType = "com.apple.product-type.bundle.unit-test";
		};
/* End PBXNativeTarget section */

/* Begin PBXProject section */
		F2FB323719DC3A19005179CB /* Project object */ = {
			isa = PBXProject;
			attributes = {
				LastUpgradeCheck = 0600;
				ORGANIZATIONNAME = Palm3;
				TargetAttributes = {
					F2FB323E19DC3A19005179CB = {
						CreatedOnToolsVersion = 6.0.1;
					};
					F2FB325319DC3A19005179CB = {
						CreatedOnToolsVersion = 6.0.1;
						TestTargetID = F2FB323E19DC3A19005179CB;
					};
				};
			};
			buildConfigurationList = F2FB323A19DC3A19005179CB /* Build configuration list for PBXProject "Postcard" */;
			compatibilityVersion = "Xcode 3.2";
			developmentRegion = English;
			hasScannedForEncodings = 0;
			knownRegions = (
				en,
				Base,
			);
			mainGroup = F2FB323619DC3A19005179CB;
			productRefGroup = F2FB324019DC3A19005179CB /* Products */;
			projectDirPath = "";
			projectRoot = "";
			targets = (
				F2FB323E19DC3A19005179CB /* Postcard */,
				F2FB325319DC3A19005179CB /* PostcardTests */,
			);
		};
/* End PBXProject section */

/* Begin PBXResourcesBuildPhase section */
		F2FB323D19DC3A19005179CB /* Resources */ = {
			isa = PBXResourcesBuildPhase;
			buildActionMask = 2147483647;
			files = (
				F2FB324A19DC3A19005179CB /* Main.storyboard in Resources */,
				F2FB326519DC3C0E005179CB /* SagradaFamilia.jpeg in Resources */,
				F2FB326719DC63A2005179CB /* AlbertEinsteinStamp.jpg in Resources */,
				F2FB324F19DC3A19005179CB /* LaunchScreen.xib in Resources */,
				F2FB324C19DC3A19005179CB /* Images.xcassets in Resources */,
			);
			runOnlyForDeploymentPostprocessing = 0;
		};
		F2FB325219DC3A19005179CB /* Resources */ = {
			isa = PBXResourcesBuildPhase;
			buildActionMask = 2147483647;
			files = (
			);
			runOnlyForDeploymentPostprocessing = 0;
		};
/* End PBXResourcesBuildPhase section */

/* Begin PBXSourcesBuildPhase section */
		F2FB323B19DC3A19005179CB /* Sources */ = {
			isa = PBXSourcesBuildPhase;
			buildActionMask = 2147483647;
			files = (
				F2FB324719DC3A19005179CB /* ViewController.swift in Sources */,
				F2FB324519DC3A19005179CB /* AppDelegate.swift in Sources */,
			);
			runOnlyForDeploymentPostprocessing = 0;
		};
		F2FB325019DC3A19005179CB /* Sources */ = {
			isa = PBXSourcesBuildPhase;
			buildActionMask = 2147483647;
			files = (
				F2FB325B19DC3A19005179CB /* PostcardTests.swift in Sources */,
			);
			runOnlyForDeploymentPostprocessing = 0;
		};
/* End PBXSourcesBuildPhase section */

/* Begin PBXTargetDependency section */
		F2FB325619DC3A19005179CB /* PBXTargetDependency */ = {
			isa = PBXTargetDependency;
			target = F2FB323E19DC3A19005179CB /* Postcard */;
			targetProxy = F2FB325519DC3A19005179CB /* PBXContainerItemProxy */;
		};
/* End PBXTargetDependency section */

/* Begin PBXVariantGroup section */
		F2FB324819DC3A19005179CB /* Main.storyboard */ = {
			isa = PBXVariantGroup;
			children = (
				F2FB324919DC3A19005179CB /* Base */,
			);
			name = Main.storyboard;
			sourceTree = "<group>";
		};
		F2FB324D19DC3A19005179CB /* LaunchScreen.xib */ = {
			isa = PBXVariantGroup;
			children = (
				F2FB324E19DC3A19005179CB /* Base */,
			);
			name = LaunchScreen.xib;
			sourceTree = "<group>";
		};
/* End PBXVariantGroup section */

/* Begin XCBuildConfiguration section */
		F2FB325C19DC3A19005179CB /* Debug */ = {
			isa = XCBuildConfiguration;
			buildSettings = {
				ALWAYS_SEARCH_USER_PATHS = NO;
				CLANG_CXX_LANGUAGE_STANDARD = "gnu++0x";
				CLANG_CXX_LIBRARY = "libc++";
				CLANG_ENABLE_MODULES = YES;
				CLANG_ENABLE_OBJC_ARC = YES;
				CLANG_WARN_BOOL_CONVERSION = YES;
				CLANG_WARN_CONSTANT_CONVERSION = YES;
				CLANG_WARN_DIRECT_OBJC_ISA_USAGE = YES_ERROR;
				CLANG_WARN_EMPTY_BODY = YES;
				CLANG_WARN_ENUM_CONVERSION = YES;
				CLANG_WARN_INT_CONVERSION = YES;
				CLANG_WARN_OBJC_ROOT_CLASS = YES_ERROR;
				CLANG_WARN_UNREACHABLE_CODE = YES;
				CLANG_WARN__DUPLICATE_METHOD_MATCH = YES;
				"CODE_SIGN_IDENTITY[sdk=iphoneos*]" = "iPhone Developer";
				COPY_PHASE_STRIP = NO;
				ENABLE_STRICT_OBJC_MSGSEND = YES;
				GCC_C_LANGUAGE_STANDARD = gnu99;
				GCC_DYNAMIC_NO_PIC = NO;
				GCC_OPTIMIZATION_LEVEL = 0;
				GCC_PREPROCESSOR_DEFINITIONS = (
					"DEBUG=1",
					"$(inherited)",
				);
				GCC_SYMBOLS_PRIVATE_EXTERN = NO;
				GCC_WARN_64_TO_32_BIT_CONVERSION = YES;
				GCC_WARN_ABOUT_RETURN_TYPE = YES_ERROR;
				GCC_WARN_UNDECLARED_SELECTOR = YES;
				GCC_WARN_UNINITIALIZED_AUTOS = YES_AGGRESSIVE;
				GCC_WARN_UNUSED_FUNCTION = YES;
				GCC_WARN_UNUSED_VARIABLE = YES;
				IPHONEOS_DEPLOYMENT_TARGET = 8.0;
				MTL_ENABLE_DEBUG_INFO = YES;
				ONLY_ACTIVE_ARCH = YES;
				SDKROOT = iphoneos;
				SWIFT_OPTIMIZATION_LEVEL = "-Onone";
			};
			name = Debug;
		};
		F2FB325D19DC3A19005179CB /* Release */ = {
			isa = XCBuildConfiguration;
			buildSettings = {
				ALWAYS_SEARCH_USER_PATHS = NO;
				CLANG_CXX_LANGUAGE_STANDARD = "gnu++0x";
				CLANG_CXX_LIBRARY = "libc++";
				CLANG_ENABLE_MODULES = YES;
				CLANG_ENABLE_OBJC_ARC = YES;
				CLANG_WARN_BOOL_CONVERSION = YES;
				CLANG_WARN_CONSTANT_CONVERSION = YES;
				CLANG_WARN_DIRECT_OBJC_ISA_USAGE = YES_ERROR;
				CLANG_WARN_EMPTY_BODY = YES;
				CLANG_WARN_ENUM_CONVERSION = YES;
				CLANG_WARN_INT_CONVERSION = YES;
				CLANG_WARN_OBJC_ROOT_CLASS = YES_ERROR;
				CLANG_WARN_UNREACHABLE_CODE = YES;
				CLANG_WARN__DUPLICATE_METHOD_MATCH = YES;
				"CODE_SIGN_IDENTITY[sdk=iphoneos*]" = "iPhone Developer";
				COPY_PHASE_STRIP = YES;
				ENABLE_NS_ASSERTIONS = NO;
				ENABLE_STRICT_OBJC_MSGSEND = YES;
				GCC_C_LANGUAGE_STANDARD = gnu99;
				GCC_WARN_64_TO_32_BIT_CONVERSION = YES;
				GCC_WARN_ABOUT_RETURN_TYPE = YES_ERROR;
				GCC_WARN_UNDECLARED_SELECTOR = YES;
				GCC_WARN_UNINITIALIZED_AUTOS = YES_AGGRESSIVE;
				GCC_WARN_UNUSED_FUNCTION = YES;
				GCC_WARN_UNUSED_VARIABLE = YES;
				IPHONEOS_DEPLOYMENT_TARGET = 8.0;
				MTL_ENABLE_DEBUG_INFO = NO;
				SDKROOT = iphoneos;
				VALIDATE_PRODUCT = YES;
			};
			name = Release;
		};
		F2FB325F19DC3A19005179CB /* Debug */ = {
			isa = XCBuildConfiguration;
			buildSettings = {
				ASSETCATALOG_COMPILER_APPICON_NAME = AppIcon;
				INFOPLIST_FILE = Postcard/Info.plist;
				LD_RUNPATH_SEARCH_PATHS = "$(inherited) @executable_path/Frameworks";
				PRODUCT_NAME = "$(TARGET_NAME)";
			};
			name = Debug;
		};
		F2FB326019DC3A19005179CB /* Release */ = {
			isa = XCBuildConfiguration;
			buildSettings = {
				ASSETCATALOG_COMPILER_APPICON_NAME = AppIcon;
				INFOPLIST_FILE = Postcard/Info.plist;
				LD_RUNPATH_SEARCH_PATHS = "$(inherited) @executable_path/Frameworks";
				PRODUCT_NAME = "$(TARGET_NAME)";
			};
			name = Release;
		};
		F2FB326219DC3A19005179CB /* Debug */ = {
			isa = XCBuildConfiguration;
			buildSettings = {
				BUNDLE_LOADER = "$(TEST_HOST)";
				FRAMEWORK_SEARCH_PATHS = (
					"$(SDKROOT)/Developer/Library/Frameworks",
					"$(inherited)",
				);
				GCC_PREPROCESSOR_DEFINITIONS = (
					"DEBUG=1",
					"$(inherited)",
				);
				INFOPLIST_FILE = PostcardTests/Info.plist;
				LD_RUNPATH_SEARCH_PATHS = "$(inherited) @executable_path/Frameworks @loader_path/Frameworks";
				PRODUCT_NAME = "$(TARGET_NAME)";
				TEST_HOST = "$(BUILT_PRODUCTS_DIR)/Postcard.app/Postcard";
			};
			name = Debug;
		};
		F2FB326319DC3A19005179CB /* Release */ = {
			isa = XCBuildConfiguration;
			buildSettings = {
				BUNDLE_LOADER = "$(TEST_HOST)";
				FRAMEWORK_SEARCH_PATHS = (
					"$(SDKROOT)/Developer/Library/Frameworks",
					"$(inherited)",
				);
				INFOPLIST_FILE = PostcardTests/Info.plist;
				LD_RUNPATH_SEARCH_PATHS = "$(inherited) @executable_path/Frameworks @loader_path/Frameworks";
				PRODUCT_NAME = "$(TARGET_NAME)";
				TEST_HOST = "$(BUILT_PRODUCTS_DIR)/Postcard.app/Postcard";
			};
			name = Release;
		};
/* End XCBuildConfiguration section */

/* Begin XCConfigurationList section */
		F2FB323A19DC3A19005179CB /* Build configuration list for PBXProject "Postcard" */ = {
			isa = XCConfigurationList;
			buildConfigurations = (
				F2FB325C19DC3A19005179CB /* Debug */,
				F2FB325D19DC3A19005179CB /* Release */,
			);
			defaultConfigurationIsVisible = 0;
			defaultConfigurationName = Release;
		};
		F2FB325E19DC3A19005179CB /* Build configuration list for PBXNativeTarget "Postcard" */ = {
			isa = XCConfigurationList;
			buildConfigurations = (
				F2FB325F19DC3A19005179CB /* Debug */,
				F2FB326019DC3A19005179CB /* Release */,
			);
			defaultConfigurationIsVisible = 0;
		};
		F2FB326119DC3A19005179CB /* Build configuration list for PBXNativeTarget "PostcardTests" */ = {
			isa = XCConfigurationList;
			buildConfigurations = (
				F2FB326219DC3A19005179CB /* Debug */,
				F2FB326319DC3A19005179CB /* Release */,
			);
			defaultConfigurationIsVisible = 0;
		};
/* End XCConfigurationList section */
	};
	rootObject = F2FB323719DC3A19005179CB /* Project object */;
}
